
Microsoft Visual Studio Solution File, Format Version 12.00
# Visual Studio Version 16
VisualStudioVersion = 16.0.30413.136
MinimumVisualStudioVersion = 10.0.40219.1
Project("{9A19103F-16F7-4668-BE54-9A1E7A4F7556}") = "ElfLib", "ElfLib\ElfLib.csproj", "{BDFDD17D-0195-413D-BAC5-5A93B49B8C47}"
EndProject
Project("{9A19103F-16F7-4668-BE54-9A1E7A4F7556}") = "ConsoleApp1", "ConsoleApp1\ConsoleApp1.csproj", "{B44E2180-1C38-4D5F-8A8A-19E378ACA532}"
EndProject
Project("{FAE04EC0-301F-11D3-BF4B-00C04F79EFBC}") = "TOKElfTool", "TOKElfTool\TOKElfTool.csproj", "{FDF79075-AD2C-4511-8B2F-834181E0C7AF}"
EndProject
Global
	GlobalSection(SolutionConfigurationPlatforms) = preSolution
		Debug|Any CPU = Debug|Any CPU
		Release|Any CPU = Release|Any CPU
	EndGlobalSection
	GlobalSection(ProjectConfigurationPlatforms) = postSolution
		{BDFDD17D-0195-413D-BAC5-5A93B49B8C47}.Debug|Any CPU.ActiveCfg = Debug|Any CPU
		{BDFDD17D-0195-413D-BAC5-5A93B49B8C47}.Debug|Any CPU.Build.0 = Debug|Any CPU
		{BDFDD17D-0195-413D-BAC5-5A93B49B8C47}.Release|Any CPU.ActiveCfg = Release|Any CPU
		{BDFDD17D-0195-413D-BAC5-5A93B49B8C47}.Release|Any CPU.Build.0 = Release|Any CPU
		{B44E2180-1C38-4D5F-8A8A-19E378ACA532}.Debug|Any CPU.ActiveCfg = Debug|Any CPU
		{B44E2180-1C38-4D5F-8A8A-19E378ACA532}.Debug|Any CPU.Build.0 = Debug|Any CPU
		{B44E2180-1C38-4D5F-8A8A-19E378ACA532}.Release|Any CPU.ActiveCfg = Release|Any CPU
		{B44E2180-1C38-4D5F-8A8A-19E378ACA532}.Release|Any CPU.Build.0 = Release|Any CPU
		{FDF79075-AD2C-4511-8B2F-834181E0C7AF}.Debug|Any CPU.ActiveCfg = Debug|Any CPU
		{FDF79075-AD2C-4511-8B2F-834181E0C7AF}.Debug|Any CPU.Build.0 = Debug|Any CPU
		{FDF79075-AD2C-4511-8B2F-834181E0C7AF}.Release|Any CPU.ActiveCfg = Release|Any CPU
		{FDF79075-AD2C-4511-8B2F-834181E0C7AF}.Release|Any CPU.Build.0 = Release|Any CPU
	EndGlobalSection
	GlobalSection(SolutionProperties) = preSolution
		HideSolutionNode = FALSE
	EndGlobalSection
	GlobalSection(ExtensibilityGlobals) = postSolution
		SolutionGuid = {BB843341-D395-40BA-9CC2-1080423238D7}
	EndGlobalSection
EndGlobal
